
Microsoft Visual Studio Solution File, Format Version 12.00
# Visual Studio Version 17
VisualStudioVersion = 17.5.33502.453
MinimumVisualStudioVersion = 10.0.40219.1
Project("{FAE04EC0-301F-11D3-BF4B-00C04F79EFBC}") = "finalcover_app", "finalcover_app.csproj", "{4C80E6C1-405B-40E9-BB39-23A105BBEE9C}"
EndProject
Global
	GlobalSection(SolutionConfigurationPlatforms) = preSolution
		Debug|Any CPU = Debug|Any CPU
		Release|Any CPU = Release|Any CPU
	EndGlobalSection
	GlobalSection(ProjectConfigurationPlatforms) = postSolution
		{4C80E6C1-405B-40E9-BB39-23A105BBEE9C}.Debug|Any CPU.ActiveCfg = Debug|Any CPU
		{4C80E6C1-405B-40E9-BB39-23A105BBEE9C}.Debug|Any CPU.Build.0 = Debug|Any CPU
		{4C80E6C1-405B-40E9-BB39-23A105BBEE9C}.Release|Any CPU.ActiveCfg = Release|Any CPU
		{4C80E6C1-405B-40E9-BB39-23A105BBEE9C}.Release|Any CPU.Build.0 = Release|Any CPU
	EndGlobalSection
	GlobalSection(SolutionProperties) = preSolution
		HideSolutionNode = FALSE
	EndGlobalSection
	GlobalSection(ExtensibilityGlobals) = postSolution
		SolutionGuid = {CAED1CCE-A625-454B-8FBB-2367609B1452}
	EndGlobalSection
EndGlobal
